
Microsoft Visual Studio Solution File, Format Version 12.00
# Visual Studio Version 17
VisualStudioVersion = 17.3.32929.385
MinimumVisualStudioVersion = 10.0.40219.1
Project("{9A19103F-16F7-4668-BE54-9A1E7A4F7556}") = "Recipes.UI", "Recipes.UI\Recipes.UI.csproj", "{62ABE1FD-798D-4973-A707-F3C4E55D2A44}"
EndProject
Project("{9A19103F-16F7-4668-BE54-9A1E7A4F7556}") = "Recipes.Core", "Recipes.Core\Recipes.Core.csproj", "{B37FAB66-CA4D-46C0-B04B-471BA7BEB7AB}"
EndProject
Project("{9A19103F-16F7-4668-BE54-9A1E7A4F7556}") = "Recipes.Repos", "Recipes.Repos\Recipes.Repos.csproj", "{CAADFE38-91D4-427E-B7C7-AD4D0796BE47}"
EndProject
Project("{FAE04EC0-301F-11D3-BF4B-00C04F79EFBC}") = "RecipesWebApp.Server", "RecipesWebApp\Server\RecipesWebApp.Server.csproj", "{D4CC83EF-E5DD-44AF-A97F-18CC817E251A}"
EndProject
Project("{FAE04EC0-301F-11D3-BF4B-00C04F79EFBC}") = "RecipesWebApp.Client", "RecipesWebApp\Client\RecipesWebApp.Client.csproj", "{F20AAE95-0ABC-46F9-8A9C-F47D5EBBC589}"
EndProject
Project("{FAE04EC0-301F-11D3-BF4B-00C04F79EFBC}") = "RecipesWebApp.Shared", "RecipesWebApp\Shared\RecipesWebApp.Shared.csproj", "{BA6B7EC8-20DF-40B6-A3BF-835FE9CFBC2F}"
EndProject
Project("{2150E333-8FDC-42A3-9474-1A3956D46DE8}") = "server", "server", "{1519E031-1A30-4B29-9B1A-7F94B5EA17A6}"
EndProject
Project("{2150E333-8FDC-42A3-9474-1A3956D46DE8}") = "client", "client", "{1C65FA41-21DA-4327-9ABB-49ACDB6E4AEA}"
EndProject
Project("{2150E333-8FDC-42A3-9474-1A3956D46DE8}") = "shared", "shared", "{566CD684-1D7A-4B01-AE2A-5630DBA73823}"
EndProject
Global
	GlobalSection(SolutionConfigurationPlatforms) = preSolution
		Debug|Any CPU = Debug|Any CPU
		Release|Any CPU = Release|Any CPU
	EndGlobalSection
	GlobalSection(ProjectConfigurationPlatforms) = postSolution
		{62ABE1FD-798D-4973-A707-F3C4E55D2A44}.Debug|Any CPU.ActiveCfg = Debug|Any CPU
		{62ABE1FD-798D-4973-A707-F3C4E55D2A44}.Debug|Any CPU.Build.0 = Debug|Any CPU
		{62ABE1FD-798D-4973-A707-F3C4E55D2A44}.Release|Any CPU.ActiveCfg = Release|Any CPU
		{62ABE1FD-798D-4973-A707-F3C4E55D2A44}.Release|Any CPU.Build.0 = Release|Any CPU
		{B37FAB66-CA4D-46C0-B04B-471BA7BEB7AB}.Debug|Any CPU.ActiveCfg = Debug|Any CPU
		{B37FAB66-CA4D-46C0-B04B-471BA7BEB7AB}.Debug|Any CPU.Build.0 = Debug|Any CPU
		{B37FAB66-CA4D-46C0-B04B-471BA7BEB7AB}.Release|Any CPU.ActiveCfg = Release|Any CPU
		{B37FAB66-CA4D-46C0-B04B-471BA7BEB7AB}.Release|Any CPU.Build.0 = Release|Any CPU
		{CAADFE38-91D4-427E-B7C7-AD4D0796BE47}.Debug|Any CPU.ActiveCfg = Debug|Any CPU
		{CAADFE38-91D4-427E-B7C7-AD4D0796BE47}.Debug|Any CPU.Build.0 = Debug|Any CPU
		{CAADFE38-91D4-427E-B7C7-AD4D0796BE47}.Release|Any CPU.ActiveCfg = Release|Any CPU
		{CAADFE38-91D4-427E-B7C7-AD4D0796BE47}.Release|Any CPU.Build.0 = Release|Any CPU
		{D4CC83EF-E5DD-44AF-A97F-18CC817E251A}.Debug|Any CPU.ActiveCfg = Debug|Any CPU
		{D4CC83EF-E5DD-44AF-A97F-18CC817E251A}.Debug|Any CPU.Build.0 = Debug|Any CPU
		{D4CC83EF-E5DD-44AF-A97F-18CC817E251A}.Release|Any CPU.ActiveCfg = Release|Any CPU
		{D4CC83EF-E5DD-44AF-A97F-18CC817E251A}.Release|Any CPU.Build.0 = Release|Any CPU
		{F20AAE95-0ABC-46F9-8A9C-F47D5EBBC589}.Debug|Any CPU.ActiveCfg = Debug|Any CPU
		{F20AAE95-0ABC-46F9-8A9C-F47D5EBBC589}.Debug|Any CPU.Build.0 = Debug|Any CPU
		{F20AAE95-0ABC-46F9-8A9C-F47D5EBBC589}.Release|Any CPU.ActiveCfg = Release|Any CPU
		{F20AAE95-0ABC-46F9-8A9C-F47D5EBBC589}.Release|Any CPU.Build.0 = Release|Any CPU
		{BA6B7EC8-20DF-40B6-A3BF-835FE9CFBC2F}.Debug|Any CPU.ActiveCfg = Debug|Any CPU
		{BA6B7EC8-20DF-40B6-A3BF-835FE9CFBC2F}.Debug|Any CPU.Build.0 = Debug|Any CPU
		{BA6B7EC8-20DF-40B6-A3BF-835FE9CFBC2F}.Release|Any CPU.ActiveCfg = Release|Any CPU
		{BA6B7EC8-20DF-40B6-A3BF-835FE9CFBC2F}.Release|Any CPU.Build.0 = Release|Any CPU
	EndGlobalSection
	GlobalSection(SolutionProperties) = preSolution
		HideSolutionNode = FALSE
	EndGlobalSection
	GlobalSection(NestedProjects) = preSolution
		{B37FAB66-CA4D-46C0-B04B-471BA7BEB7AB} = {1519E031-1A30-4B29-9B1A-7F94B5EA17A6}
		{CAADFE38-91D4-427E-B7C7-AD4D0796BE47} = {1519E031-1A30-4B29-9B1A-7F94B5EA17A6}
		{D4CC83EF-E5DD-44AF-A97F-18CC817E251A} = {1519E031-1A30-4B29-9B1A-7F94B5EA17A6}
		{F20AAE95-0ABC-46F9-8A9C-F47D5EBBC589} = {1C65FA41-21DA-4327-9ABB-49ACDB6E4AEA}
		{BA6B7EC8-20DF-40B6-A3BF-835FE9CFBC2F} = {566CD684-1D7A-4B01-AE2A-5630DBA73823}
	EndGlobalSection
	GlobalSection(ExtensibilityGlobals) = postSolution
		SolutionGuid = {16AEBB47-9C5B-4519-8F27-975F3371684F}
	EndGlobalSection
EndGlobal
