
Microsoft Visual Studio Solution File, Format Version 12.00
# Visual Studio Version 17
VisualStudioVersion = 17.3.32929.385
MinimumVisualStudioVersion = 10.0.40219.1
Project("{9A19103F-16F7-4668-BE54-9A1E7A4F7556}") = "Recipes.UI", "Recipes.UI\Recipes.UI.csproj", "{62ABE1FD-798D-4973-A707-F3C4E55D2A44}"
EndProject
Project("{9A19103F-16F7-4668-BE54-9A1E7A4F7556}") = "Recipes.Core", "Recipes.Core\Recipes.Core.csproj", "{B37FAB66-CA4D-46C0-B04B-471BA7BEB7AB}"
EndProject
Project("{9A19103F-16F7-4668-BE54-9A1E7A4F7556}") = "Recipes.Repos", "Recipes.Repos\Recipes.Repos.csproj", "{CAADFE38-91D4-427E-B7C7-AD4D0796BE47}"
EndProject
Project("{FAE04EC0-301F-11D3-BF4B-00C04F79EFBC}") = "RecipesBlazorApp.Server", "RecipesBlazorApp\Server\RecipesBlazorApp.Server.csproj", "{093B79BF-4AEA-44E0-8152-3E5612496157}"
EndProject
Project("{FAE04EC0-301F-11D3-BF4B-00C04F79EFBC}") = "RecipesBlazorApp.Client", "RecipesBlazorApp\Client\RecipesBlazorApp.Client.csproj", "{63B265AF-A6C6-4228-82AF-B0F45BCFC9E0}"
EndProject
Project("{FAE04EC0-301F-11D3-BF4B-00C04F79EFBC}") = "RecipesBlazorApp.Shared", "RecipesBlazorApp\Shared\RecipesBlazorApp.Shared.csproj", "{F1566FE8-5BFF-4D2B-B88A-698880DFF965}"
EndProject
Project("{2150E333-8FDC-42A3-9474-1A3956D46DE8}") = "client", "client", "{5C8FD867-3B19-4206-A698-C41012C69860}"
EndProject
Project("{2150E333-8FDC-42A3-9474-1A3956D46DE8}") = "server", "server", "{B7083365-D441-419C-B1B4-EDD009C44EF0}"
EndProject
Project("{2150E333-8FDC-42A3-9474-1A3956D46DE8}") = "shared", "shared", "{ED4AA64D-1ACD-49E8-8170-7F1AB4329E10}"
EndProject
Global
	GlobalSection(SolutionConfigurationPlatforms) = preSolution
		Debug|Any CPU = Debug|Any CPU
		Release|Any CPU = Release|Any CPU
	EndGlobalSection
	GlobalSection(ProjectConfigurationPlatforms) = postSolution
		{62ABE1FD-798D-4973-A707-F3C4E55D2A44}.Debug|Any CPU.ActiveCfg = Debug|Any CPU
		{62ABE1FD-798D-4973-A707-F3C4E55D2A44}.Debug|Any CPU.Build.0 = Debug|Any CPU
		{62ABE1FD-798D-4973-A707-F3C4E55D2A44}.Release|Any CPU.ActiveCfg = Release|Any CPU
		{62ABE1FD-798D-4973-A707-F3C4E55D2A44}.Release|Any CPU.Build.0 = Release|Any CPU
		{B37FAB66-CA4D-46C0-B04B-471BA7BEB7AB}.Debug|Any CPU.ActiveCfg = Debug|Any CPU
		{B37FAB66-CA4D-46C0-B04B-471BA7BEB7AB}.Debug|Any CPU.Build.0 = Debug|Any CPU
		{B37FAB66-CA4D-46C0-B04B-471BA7BEB7AB}.Release|Any CPU.ActiveCfg = Release|Any CPU
		{B37FAB66-CA4D-46C0-B04B-471BA7BEB7AB}.Release|Any CPU.Build.0 = Release|Any CPU
		{CAADFE38-91D4-427E-B7C7-AD4D0796BE47}.Debug|Any CPU.ActiveCfg = Debug|Any CPU
		{CAADFE38-91D4-427E-B7C7-AD4D0796BE47}.Debug|Any CPU.Build.0 = Debug|Any CPU
		{CAADFE38-91D4-427E-B7C7-AD4D0796BE47}.Release|Any CPU.ActiveCfg = Release|Any CPU
		{CAADFE38-91D4-427E-B7C7-AD4D0796BE47}.Release|Any CPU.Build.0 = Release|Any CPU
		{093B79BF-4AEA-44E0-8152-3E5612496157}.Debug|Any CPU.ActiveCfg = Debug|Any CPU
		{093B79BF-4AEA-44E0-8152-3E5612496157}.Debug|Any CPU.Build.0 = Debug|Any CPU
		{093B79BF-4AEA-44E0-8152-3E5612496157}.Release|Any CPU.ActiveCfg = Release|Any CPU
		{093B79BF-4AEA-44E0-8152-3E5612496157}.Release|Any CPU.Build.0 = Release|Any CPU
		{63B265AF-A6C6-4228-82AF-B0F45BCFC9E0}.Debug|Any CPU.ActiveCfg = Debug|Any CPU
		{63B265AF-A6C6-4228-82AF-B0F45BCFC9E0}.Debug|Any CPU.Build.0 = Debug|Any CPU
		{63B265AF-A6C6-4228-82AF-B0F45BCFC9E0}.Release|Any CPU.ActiveCfg = Release|Any CPU
		{63B265AF-A6C6-4228-82AF-B0F45BCFC9E0}.Release|Any CPU.Build.0 = Release|Any CPU
		{F1566FE8-5BFF-4D2B-B88A-698880DFF965}.Debug|Any CPU.ActiveCfg = Debug|Any CPU
		{F1566FE8-5BFF-4D2B-B88A-698880DFF965}.Debug|Any CPU.Build.0 = Debug|Any CPU
		{F1566FE8-5BFF-4D2B-B88A-698880DFF965}.Release|Any CPU.ActiveCfg = Release|Any CPU
		{F1566FE8-5BFF-4D2B-B88A-698880DFF965}.Release|Any CPU.Build.0 = Release|Any CPU
	EndGlobalSection
	GlobalSection(SolutionProperties) = preSolution
		HideSolutionNode = FALSE
	EndGlobalSection
	GlobalSection(NestedProjects) = preSolution
		{B37FAB66-CA4D-46C0-B04B-471BA7BEB7AB} = {B7083365-D441-419C-B1B4-EDD009C44EF0}
		{CAADFE38-91D4-427E-B7C7-AD4D0796BE47} = {B7083365-D441-419C-B1B4-EDD009C44EF0}
		{093B79BF-4AEA-44E0-8152-3E5612496157} = {B7083365-D441-419C-B1B4-EDD009C44EF0}
		{63B265AF-A6C6-4228-82AF-B0F45BCFC9E0} = {5C8FD867-3B19-4206-A698-C41012C69860}
		{F1566FE8-5BFF-4D2B-B88A-698880DFF965} = {ED4AA64D-1ACD-49E8-8170-7F1AB4329E10}
	EndGlobalSection
	GlobalSection(ExtensibilityGlobals) = postSolution
		SolutionGuid = {16AEBB47-9C5B-4519-8F27-975F3371684F}
	EndGlobalSection
EndGlobal
